
Microsoft Visual Studio Solution File, Format Version 12.00
# Visual Studio 15
Project("{FAE04EC0-301F-11D3-BF4B-00C04F79EFBC}") = "Exercise_3", "Exercise_3\Exercise_3.csproj", "{CC23F70F-1D0D-4735-811F-FE54047D6F40}"
EndProject
Global
	GlobalSection(SolutionConfigurationPlatforms) = preSolution
		Debug|x86 = Debug|x86
		Release|x86 = Release|x86
	EndGlobalSection
	GlobalSection(ProjectConfigurationPlatforms) = postSolution
		{CC23F70F-1D0D-4735-811F-FE54047D6F40}.Debug|x86.ActiveCfg = Debug|x86
		{CC23F70F-1D0D-4735-811F-FE54047D6F40}.Debug|x86.Build.0 = Debug|x86
		{CC23F70F-1D0D-4735-811F-FE54047D6F40}.Release|x86.ActiveCfg = Release|x86
		{CC23F70F-1D0D-4735-811F-FE54047D6F40}.Release|x86.Build.0 = Release|x86
	EndGlobalSection
EndGlobal
